// !$*UTF8*$!
{
	archiveVersion = 1;
	classes = {
	};
	objectVersion = 56;
	objects = {

/* Begin PBXBuildFile section */
		073DDC6E29D999AF0085E018 /* AppDelegate.swift in Sources */ = {isa = PBXBuildFile; fileRef = 073DDC6D29D999AF0085E018 /* AppDelegate.swift */; };
		073DDC7029D999AF0085E018 /* SceneDelegate.swift in Sources */ = {isa = PBXBuildFile; fileRef = 073DDC6F29D999AF0085E018 /* SceneDelegate.swift */; };
		073DDC7729D999B00085E018 /* Assets.xcassets in Resources */ = {isa = PBXBuildFile; fileRef = 073DDC7629D999B00085E018 /* Assets.xcassets */; };
		073DDC7A29D999B00085E018 /* LaunchScreen.storyboard in Resources */ = {isa = PBXBuildFile; fileRef = 073DDC7829D999B00085E018 /* LaunchScreen.storyboard */; };
		073DDC8229D99BE30085E018 /* ColorsListViewController.swift in Sources */ = {isa = PBXBuildFile; fileRef = 073DDC8129D99BE30085E018 /* ColorsListViewController.swift */; };
		073DDC8A29D99E250085E018 /* ColorListModel.swift in Sources */ = {isa = PBXBuildFile; fileRef = 073DDC8929D99E250085E018 /* ColorListModel.swift */; };
		073DDC9029D9BB230085E018 /* ColorListNewViewModel.swift in Sources */ = {isa = PBXBuildFile; fileRef = 073DDC8F29D9BB230085E018 /* ColorListNewViewModel.swift */; };
		078E47A229DC6F3D00E7A422 /* Builder.swift in Sources */ = {isa = PBXBuildFile; fileRef = 078E47A129DC6F3D00E7A422 /* Builder.swift */; };
/* End PBXBuildFile section */

/* Begin PBXFileReference section */
		073DDC6A29D999AF0085E018 /* colors-list-MVVM.app */ = {isa = PBXFileReference; explicitFileType = wrapper.application; includeInIndex = 0; path = "colors-list-MVVM.app"; sourceTree = BUILT_PRODUCTS_DIR; };
		073DDC6D29D999AF0085E018 /* AppDelegate.swift */ = {isa = PBXFileReference; lastKnownFileType = sourcecode.swift; path = AppDelegate.swift; sourceTree = "<group>"; };
		073DDC6F29D999AF0085E018 /* SceneDelegate.swift */ = {isa = PBXFileReference; lastKnownFileType = sourcecode.swift; path = SceneDelegate.swift; sourceTree = "<group>"; };
		073DDC7629D999B00085E018 /* Assets.xcassets */ = {isa = PBXFileReference; lastKnownFileType = folder.assetcatalog; path = Assets.xcassets; sourceTree = "<group>"; };
		073DDC7929D999B00085E018 /* Base */ = {isa = PBXFileReference; lastKnownFileType = file.storyboard; name = Base; path = Base.lproj/LaunchScreen.storyboard; sourceTree = "<group>"; };
		073DDC7B29D999B00085E018 /* Info.plist */ = {isa = PBXFileReference; lastKnownFileType = text.plist.xml; path = Info.plist; sourceTree = "<group>"; };
		073DDC8129D99BE30085E018 /* ColorsListViewController.swift */ = {isa = PBXFileReference; lastKnownFileType = sourcecode.swift; path = ColorsListViewController.swift; sourceTree = "<group>"; };
		073DDC8929D99E250085E018 /* ColorListModel.swift */ = {isa = PBXFileReference; lastKnownFileType = sourcecode.swift; path = ColorListModel.swift; sourceTree = "<group>"; };
		073DDC8F29D9BB230085E018 /* ColorListNewViewModel.swift */ = {isa = PBXFileReference; lastKnownFileType = sourcecode.swift; path = ColorListNewViewModel.swift; sourceTree = "<group>"; };
		078E47A129DC6F3D00E7A422 /* Builder.swift */ = {isa = PBXFileReference; lastKnownFileType = sourcecode.swift; path = Builder.swift; sourceTree = "<group>"; };
/* End PBXFileReference section */

/* Begin PBXFrameworksBuildPhase section */
		073DDC6729D999AF0085E018 /* Frameworks */ = {
			isa = PBXFrameworksBuildPhase;
			buildActionMask = 2147483647;
			files = (
			);
			runOnlyForDeploymentPostprocessing = 0;
		};
/* End PBXFrameworksBuildPhase section */

/* Begin PBXGroup section */
		073DDC6129D999AF0085E018 = {
			isa = PBXGroup;
			children = (
				073DDC6C29D999AF0085E018 /* colors-list-MVVM */,
				073DDC6B29D999AF0085E018 /* Products */,
			);
			sourceTree = "<group>";
		};
		073DDC6B29D999AF0085E018 /* Products */ = {
			isa = PBXGroup;
			children = (
				073DDC6A29D999AF0085E018 /* colors-list-MVVM.app */,
			);
			name = Products;
			sourceTree = "<group>";
		};
		073DDC6C29D999AF0085E018 /* colors-list-MVVM */ = {
			isa = PBXGroup;
			children = (
				073DDC8729D99D1D0085E018 /* Sources */,
				073DDC8629D99CFC0085E018 /* Resources */,
			);
			path = "colors-list-MVVM";
			sourceTree = "<group>";
		};
		073DDC8329D99CE10085E018 /* Model */ = {
			isa = PBXGroup;
			children = (
				073DDC8929D99E250085E018 /* ColorListModel.swift */,
			);
			path = Model;
			sourceTree = "<group>";
		};
		073DDC8429D99CE90085E018 /* View */ = {
			isa = PBXGroup;
			children = (
				073DDC8129D99BE30085E018 /* ColorsListViewController.swift */,
			);
			path = View;
			sourceTree = "<group>";
		};
		073DDC8529D99CEF0085E018 /* ViewModel */ = {
			isa = PBXGroup;
			children = (
				073DDC8F29D9BB230085E018 /* ColorListNewViewModel.swift */,
			);
			path = ViewModel;
			sourceTree = "<group>";
		};
		073DDC8629D99CFC0085E018 /* Resources */ = {
			isa = PBXGroup;
			children = (
				073DDC7629D999B00085E018 /* Assets.xcassets */,
				073DDC7B29D999B00085E018 /* Info.plist */,
				073DDC7829D999B00085E018 /* LaunchScreen.storyboard */,
			);
			path = Resources;
			sourceTree = "<group>";
		};
		073DDC8729D99D1D0085E018 /* Sources */ = {
			isa = PBXGroup;
			children = (
				073DDC8829D99D240085E018 /* App */,
				073DDC8429D99CE90085E018 /* View */,
				073DDC8329D99CE10085E018 /* Model */,
				073DDC8529D99CEF0085E018 /* ViewModel */,
			);
			path = Sources;
			sourceTree = "<group>";
		};
		073DDC8829D99D240085E018 /* App */ = {
			isa = PBXGroup;
			children = (
				073DDC6D29D999AF0085E018 /* AppDelegate.swift */,
				078E47A129DC6F3D00E7A422 /* Builder.swift */,
				073DDC6F29D999AF0085E018 /* SceneDelegate.swift */,
			);
			path = App;
			sourceTree = "<group>";
		};
/* End PBXGroup section */

/* Begin PBXNativeTarget section */
		073DDC6929D999AF0085E018 /* colors-list-MVVM */ = {
			isa = PBXNativeTarget;
			buildConfigurationList = 073DDC7E29D999B00085E018 /* Build configuration list for PBXNativeTarget "colors-list-MVVM" */;
			buildPhases = (
				073DDC6629D999AF0085E018 /* Sources */,
				073DDC6729D999AF0085E018 /* Frameworks */,
				073DDC6829D999AF0085E018 /* Resources */,
			);
			buildRules = (
			);
			dependencies = (
			);
			name = "colors-list-MVVM";
			productName = "colors-list-MVVM";
			productReference = 073DDC6A29D999AF0085E018 /* colors-list-MVVM.app */;
			productType = "com.apple.product-type.application";
		};
/* End PBXNativeTarget section */

/* Begin PBXProject section */
		073DDC6229D999AF0085E018 /* Project object */ = {
			isa = PBXProject;
			attributes = {
				BuildIndependentTargetsInParallel = 1;
				LastSwiftUpdateCheck = 1420;
				LastUpgradeCheck = 1420;
				TargetAttributes = {
					073DDC6929D999AF0085E018 = {
						CreatedOnToolsVersion = 14.2;
					};
				};
			};
			buildConfigurationList = 073DDC6529D999AF0085E018 /* Build configuration list for PBXProject "colors-list-MVVM" */;
			compatibilityVersion = "Xcode 14.0";
			developmentRegion = en;
			hasScannedForEncodings = 0;
			knownRegions = (
				en,
				Base,
			);
			mainGroup = 073DDC6129D999AF0085E018;
			productRefGroup = 073DDC6B29D999AF0085E018 /* Products */;
			projectDirPath = "";
			projectRoot = "";
			targets = (
				073DDC6929D999AF0085E018 /* colors-list-MVVM */,
			);
		};
/* End PBXProject section */

/* Begin PBXResourcesBuildPhase section */
		073DDC6829D999AF0085E018 /* Resources */ = {
			isa = PBXResourcesBuildPhase;
			buildActionMask = 2147483647;
			files = (
				073DDC7A29D999B00085E018 /* LaunchScreen.storyboard in Resources */,
				073DDC7729D999B00085E018 /* Assets.xcassets in Resources */,
			);
			runOnlyForDeploymentPostprocessing = 0;
		};
/* End PBXResourcesBuildPhase section */

/* Begin PBXSourcesBuildPhase section */
		073DDC6629D999AF0085E018 /* Sources */ = {
			isa = PBXSourcesBuildPhase;
			buildActionMask = 2147483647;
			files = (
				073DDC8229D99BE30085E018 /* ColorsListViewController.swift in Sources */,
				073DDC9029D9BB230085E018 /* ColorListNewViewModel.swift in Sources */,
				073DDC6E29D999AF0085E018 /* AppDelegate.swift in Sources */,
				073DDC7029D999AF0085E018 /* SceneDelegate.swift in Sources */,
				073DDC8A29D99E250085E018 /* ColorListModel.swift in Sources */,
				078E47A229DC6F3D00E7A422 /* Builder.swift in Sources */,
			);
			runOnlyForDeploymentPostprocessing = 0;
		};
/* End PBXSourcesBuildPhase section */

/* Begin PBXVariantGroup section */
		073DDC7829D999B00085E018 /* LaunchScreen.storyboard */ = {
			isa = PBXVariantGroup;
			children = (
				073DDC7929D999B00085E018 /* Base */,
			);
			name = LaunchScreen.storyboard;
			sourceTree = "<group>";
		};
/* End PBXVariantGroup section */

/* Begin XCBuildConfiguration section */
		073DDC7C29D999B00085E018 /* Debug */ = {
			isa = XCBuildConfiguration;
			buildSettings = {
				ALWAYS_SEARCH_USER_PATHS = NO;
				CLANG_ANALYZER_NONNULL = YES;
				CLANG_ANALYZER_NUMBER_OBJECT_CONVERSION = YES_AGGRESSIVE;
				CLANG_CXX_LANGUAGE_STANDARD = "gnu++20";
				CLANG_ENABLE_MODULES = YES;
				CLANG_ENABLE_OBJC_ARC = YES;
				CLANG_ENABLE_OBJC_WEAK = YES;
				CLANG_WARN_BLOCK_CAPTURE_AUTORELEASING = YES;
				CLANG_WARN_BOOL_CONVERSION = YES;
				CLANG_WARN_COMMA = YES;
				CLANG_WARN_CONSTANT_CONVERSION = YES;
				CLANG_WARN_DEPRECATED_OBJC_IMPLEMENTATIONS = YES;
				CLANG_WARN_DIRECT_OBJC_ISA_USAGE = YES_ERROR;
				CLANG_WARN_DOCUMENTATION_COMMENTS = YES;
				CLANG_WARN_EMPTY_BODY = YES;
				CLANG_WARN_ENUM_CONVERSION = YES;
				CLANG_WARN_INFINITE_RECURSION = YES;
				CLANG_WARN_INT_CONVERSION = YES;
				CLANG_WARN_NON_LITERAL_NULL_CONVERSION = YES;
				CLANG_WARN_OBJC_IMPLICIT_RETAIN_SELF = YES;
				CLANG_WARN_OBJC_LITERAL_CONVERSION = YES;
				CLANG_WARN_OBJC_ROOT_CLASS = YES_ERROR;
				CLANG_WARN_QUOTED_INCLUDE_IN_FRAMEWORK_HEADER = YES;
				CLANG_WARN_RANGE_LOOP_ANALYSIS = YES;
				CLANG_WARN_STRICT_PROTOTYPES = YES;
				CLANG_WARN_SUSPICIOUS_MOVE = YES;
				CLANG_WARN_UNGUARDED_AVAILABILITY = YES_AGGRESSIVE;
				CLANG_WARN_UNREACHABLE_CODE = YES;
				CLANG_WARN__DUPLICATE_METHOD_MATCH = YES;
				COPY_PHASE_STRIP = NO;
				DEBUG_INFORMATION_FORMAT = dwarf;
				ENABLE_STRICT_OBJC_MSGSEND = YES;
				ENABLE_TESTABILITY = YES;
				GCC_C_LANGUAGE_STANDARD = gnu11;
				GCC_DYNAMIC_NO_PIC = NO;
				GCC_NO_COMMON_BLOCKS = YES;
				GCC_OPTIMIZATION_LEVEL = 0;
				GCC_PREPROCESSOR_DEFINITIONS = (
					"DEBUG=1",
					"$(inherited)",
				);
				GCC_WARN_64_TO_32_BIT_CONVERSION = YES;
				GCC_WARN_ABOUT_RETURN_TYPE = YES_ERROR;
				GCC_WARN_UNDECLARED_SELECTOR = YES;
				GCC_WARN_UNINITIALIZED_AUTOS = YES_AGGRESSIVE;
				GCC_WARN_UNUSED_FUNCTION = YES;
				GCC_WARN_UNUSED_VARIABLE = YES;
				IPHONEOS_DEPLOYMENT_TARGET = 15.0;
				MTL_ENABLE_DEBUG_INFO = INCLUDE_SOURCE;
				MTL_FAST_MATH = YES;
				ONLY_ACTIVE_ARCH = YES;
				SDKROOT = iphoneos;
				SWIFT_ACTIVE_COMPILATION_CONDITIONS = DEBUG;
				SWIFT_OPTIMIZATION_LEVEL = "-Onone";
			};
			name = Debug;
		};
		073DDC7D29D999B00085E018 /* Release */ = {
			isa = XCBuildConfiguration;
			buildSettings = {
				ALWAYS_SEARCH_USER_PATHS = NO;
				CLANG_ANALYZER_NONNULL = YES;
				CLANG_ANALYZER_NUMBER_OBJECT_CONVERSION = YES_AGGRESSIVE;
				CLANG_CXX_LANGUAGE_STANDARD = "gnu++20";
				CLANG_ENABLE_MODULES = YES;
				CLANG_ENABLE_OBJC_ARC = YES;
				CLANG_ENABLE_OBJC_WEAK = YES;
				CLANG_WARN_BLOCK_CAPTURE_AUTORELEASING = YES;
				CLANG_WARN_BOOL_CONVERSION = YES;
				CLANG_WARN_COMMA = YES;
				CLANG_WARN_CONSTANT_CONVERSION = YES;
				CLANG_WARN_DEPRECATED_OBJC_IMPLEMENTATIONS = YES;
				CLANG_WARN_DIRECT_OBJC_ISA_USAGE = YES_ERROR;
				CLANG_WARN_DOCUMENTATION_COMMENTS = YES;
				CLANG_WARN_EMPTY_BODY = YES;
				CLANG_WARN_ENUM_CONVERSION = YES;
				CLANG_WARN_INFINITE_RECURSION = YES;
				CLANG_WARN_INT_CONVERSION = YES;
				CLANG_WARN_NON_LITERAL_NULL_CONVERSION = YES;
				CLANG_WARN_OBJC_IMPLICIT_RETAIN_SELF = YES;
				CLANG_WARN_OBJC_LITERAL_CONVERSION = YES;
				CLANG_WARN_OBJC_ROOT_CLASS = YES_ERROR;
				CLANG_WARN_QUOTED_INCLUDE_IN_FRAMEWORK_HEADER = YES;
				CLANG_WARN_RANGE_LOOP_ANALYSIS = YES;
				CLANG_WARN_STRICT_PROTOTYPES = YES;
				CLANG_WARN_SUSPICIOUS_MOVE = YES;
				CLANG_WARN_UNGUARDED_AVAILABILITY = YES_AGGRESSIVE;
				CLANG_WARN_UNREACHABLE_CODE = YES;
				CLANG_WARN__DUPLICATE_METHOD_MATCH = YES;
				COPY_PHASE_STRIP = NO;
				DEBUG_INFORMATION_FORMAT = "dwarf-with-dsym";
				ENABLE_NS_ASSERTIONS = NO;
				ENABLE_STRICT_OBJC_MSGSEND = YES;
				GCC_C_LANGUAGE_STANDARD = gnu11;
				GCC_NO_COMMON_BLOCKS = YES;
				GCC_WARN_64_TO_32_BIT_CONVERSION = YES;
				GCC_WARN_ABOUT_RETURN_TYPE = YES_ERROR;
				GCC_WARN_UNDECLARED_SELECTOR = YES;
				GCC_WARN_UNINITIALIZED_AUTOS = YES_AGGRESSIVE;
				GCC_WARN_UNUSED_FUNCTION = YES;
				GCC_WARN_UNUSED_VARIABLE = YES;
				IPHONEOS_DEPLOYMENT_TARGET = 15.0;
				MTL_ENABLE_DEBUG_INFO = NO;
				MTL_FAST_MATH = YES;
				SDKROOT = iphoneos;
				SWIFT_COMPILATION_MODE = wholemodule;
				SWIFT_OPTIMIZATION_LEVEL = "-O";
				VALIDATE_PRODUCT = YES;
			};
			name = Release;
		};
		073DDC7F29D999B00085E018 /* Debug */ = {
			isa = XCBuildConfiguration;
			buildSettings = {
				ASSETCATALOG_COMPILER_APPICON_NAME = AppIcon;
				ASSETCATALOG_COMPILER_GLOBAL_ACCENT_COLOR_NAME = AccentColor;
				CODE_SIGN_STYLE = Automatic;
				CURRENT_PROJECT_VERSION = 1;
				DEVELOPMENT_TEAM = LPX2GGHMJT;
				GENERATE_INFOPLIST_FILE = YES;
				INFOPLIST_FILE = "colors-list-MVVM/Resources/Info.plist";
				INFOPLIST_KEY_UIApplicationSupportsIndirectInputEvents = YES;
				INFOPLIST_KEY_UILaunchStoryboardName = LaunchScreen;
				INFOPLIST_KEY_UIMainStoryboardFile = "";
				INFOPLIST_KEY_UISupportedInterfaceOrientations = UIInterfaceOrientationPortrait;
				INFOPLIST_KEY_UISupportedInterfaceOrientations_iPad = "UIInterfaceOrientationLandscapeLeft UIInterfaceOrientationLandscapeRight UIInterfaceOrientationPortrait UIInterfaceOrientationPortraitUpsideDown";
				IPHONEOS_DEPLOYMENT_TARGET = 15.0;
				LD_RUNPATH_SEARCH_PATHS = (
					"$(inherited)",
					"@executable_path/Frameworks",
				);
				MARKETING_VERSION = 1.0;
				PRODUCT_BUNDLE_IDENTIFIER = "ti1ek.koszhanov.colors-list-MVVM";
				PRODUCT_NAME = "$(TARGET_NAME)";
				SUPPORTED_PLATFORMS = "iphoneos iphonesimulator";
				SUPPORTS_MACCATALYST = NO;
				SUPPORTS_MAC_DESIGNED_FOR_IPHONE_IPAD = NO;
				SWIFT_EMIT_LOC_STRINGS = YES;
				SWIFT_VERSION = 5.0;
				TARGETED_DEVICE_FAMILY = 1;
			};
			name = Debug;
		};
		073DDC8029D999B00085E018 /* Release */ = {
			isa = XCBuildConfiguration;
			buildSettings = {
				ASSETCATALOG_COMPILER_APPICON_NAME = AppIcon;
				ASSETCATALOG_COMPILER_GLOBAL_ACCENT_COLOR_NAME = AccentColor;
				CODE_SIGN_STYLE = Automatic;
				CURRENT_PROJECT_VERSION = 1;
				DEVELOPMENT_TEAM = LPX2GGHMJT;
				GENERATE_INFOPLIST_FILE = YES;
				INFOPLIST_FILE = "colors-list-MVVM/Resources/Info.plist";
				INFOPLIST_KEY_UIApplicationSupportsIndirectInputEvents = YES;
				INFOPLIST_KEY_UILaunchStoryboardName = LaunchScreen;
				INFOPLIST_KEY_UIMainStoryboardFile = "";
				INFOPLIST_KEY_UISupportedInterfaceOrientations = UIInterfaceOrientationPortrait;
				INFOPLIST_KEY_UISupportedInterfaceOrientations_iPad = "UIInterfaceOrientationLandscapeLeft UIInterfaceOrientationLandscapeRight UIInterfaceOrientationPortrait UIInterfaceOrientationPortraitUpsideDown";
				IPHONEOS_DEPLOYMENT_TARGET = 15.0;
				LD_RUNPATH_SEARCH_PATHS = (
					"$(inherited)",
					"@executable_path/Frameworks",
				);
				MARKETING_VERSION = 1.0;
				PRODUCT_BUNDLE_IDENTIFIER = "ti1ek.koszhanov.colors-list-MVVM";
				PRODUCT_NAME = "$(TARGET_NAME)";
				SUPPORTED_PLATFORMS = "iphoneos iphonesimulator";
				SUPPORTS_MACCATALYST = NO;
				SUPPORTS_MAC_DESIGNED_FOR_IPHONE_IPAD = NO;
				SWIFT_EMIT_LOC_STRINGS = YES;
				SWIFT_VERSION = 5.0;
				TARGETED_DEVICE_FAMILY = 1;
			};
			name = Release;
		};
/* End XCBuildConfiguration section */

/* Begin XCConfigurationList section */
		073DDC6529D999AF0085E018 /* Build configuration list for PBXProject "colors-list-MVVM" */ = {
			isa = XCConfigurationList;
			buildConfigurations = (
				073DDC7C29D999B00085E018 /* Debug */,
				073DDC7D29D999B00085E018 /* Release */,
			);
			defaultConfigurationIsVisible = 0;
			defaultConfigurationName = Release;
		};
		073DDC7E29D999B00085E018 /* Build configuration list for PBXNativeTarget "colors-list-MVVM" */ = {
			isa = XCConfigurationList;
			buildConfigurations = (
				073DDC7F29D999B00085E018 /* Debug */,
				073DDC8029D999B00085E018 /* Release */,
			);
			defaultConfigurationIsVisible = 0;
			defaultConfigurationName = Release;
		};
/* End XCConfigurationList section */
	};
	rootObject = 073DDC6229D999AF0085E018 /* Project object */;
}
